# THIS IS AN AUTOGENERATED FILE. DO NOT EDIT THIS FILE DIRECTLY.
# yarn lockfile v1


"@types/uuid@8.3.4":
  version "8.3.4"
  resolved "https://registry.yarnpkg.com/@types/uuid/-/uuid-8.3.4.tgz#bd86a43617df0594787d38b735f55c805becf1bc"
  integrity sha512-c/I8ZRb51j+pYGAu5CrFMRxqZ2ke4y2grEBO5AUjgSkSk+qT2Ea+OdWElz/OiMf5MNpn2b17kuVBwZLQJXzihw==

asn1@^0.2.6:
  version "0.2.6"
  resolved "https://registry.yarnpkg.com/asn1/-/asn1-0.2.6.tgz#0d3a7bb6e64e02a90c0303b31f292868ea09a08d"
  integrity sha512-ix/FxPn0MDjeyJ7i/yoHGFt/EX6LyNbxSEhPPXODPL+KB0VPk86UYfL0lMdy+KCnv+fmvIzySwaK5COwqVbWTQ==
  dependencies:
    safer-buffer "~2.1.0"

bcrypt-pbkdf@^1.0.2:
  version "1.0.2"
  resolved "https://registry.yarnpkg.com/bcrypt-pbkdf/-/bcrypt-pbkdf-1.0.2.tgz#a4301d389b6a43f9b67ff3ca11a3f6637e360e9e"
  integrity sha512-qeFIXtP4MSoi6NLqO12WfqARWWuCKi2Rn/9hJLEmtB5yTNr9DqFWkJRCf2qShWzPeAMRnOgCrq0sg/KLv5ES9w==
  dependencies:
    tweetnacl "^0.14.3"

buildcheck@~0.0.6:
  version "0.0.6"
  resolved "https://registry.yarnpkg.com/buildcheck/-/buildcheck-0.0.6.tgz#89aa6e417cfd1e2196e3f8fe915eb709d2fe4238"
  integrity sha512-8f9ZJCUXyT1M35Jx7MkBgmBMo3oHTTBIPLiY9xyL0pl3T5RwcPEY8cUHr5LBNfu/fk6c2T4DJZuVM/8ZZT2D2A==

cpu-features@~0.0.10:
  version "0.0.10"
  resolved "https://registry.yarnpkg.com/cpu-features/-/cpu-features-0.0.10.tgz#9aae536db2710c7254d7ed67cb3cbc7d29ad79c5"
  integrity sha512-9IkYqtX3YHPCzoVg1Py+o9057a3i0fp7S530UWokCSaFVTc7CwXPRiOjRjBQQ18ZCNafx78YfnG+HALxtVmOGA==
  dependencies:
    buildcheck "~0.0.6"
    nan "^2.19.0"

nan@^2.19.0, nan@^2.20.0:
  version "2.22.2"
  resolved "https://registry.yarnpkg.com/nan/-/nan-2.22.2.tgz#6b504fd029fb8f38c0990e52ad5c26772fdacfbb"
  integrity sha512-DANghxFkS1plDdRsX0X9pm0Z6SJNN6gBdtXfanwoZ8hooC5gosGFSBGRYHUVPz1asKA/kMRqDRdHrluZ61SpBQ==

safer-buffer@~2.1.0:
  version "2.1.2"
  resolved "https://registry.yarnpkg.com/safer-buffer/-/safer-buffer-2.1.2.tgz#44fa161b0187b9549dd84bb91802f9bd8385cd6a"
  integrity sha512-YZo3K82SD7Riyi0E1EQPojLz7kpepnSQI9IyPbHHg1XXXevb5dJI7tpyN2ADxGcQbHG7vcyRHk0cbwqcQriUtg==

ssh2@^1.16.0:
  version "1.16.0"
  resolved "https://registry.yarnpkg.com/ssh2/-/ssh2-1.16.0.tgz#79221d40cbf4d03d07fe881149de0a9de928c9f0"
  integrity sha512-r1X4KsBGedJqo7h8F5c4Ybpcr5RjyP+aWIG007uBPRjmdQWfEiVLzSK71Zji1B9sKxwaCvD8y8cwSkYrlLiRRg==
  dependencies:
    asn1 "^0.2.6"
    bcrypt-pbkdf "^1.0.2"
  optionalDependencies:
    cpu-features "~0.0.10"
    nan "^2.20.0"

tweetnacl@^0.14.3:
  version "0.14.5"
  resolved "https://registry.yarnpkg.com/tweetnacl/-/tweetnacl-0.14.5.tgz#5ae68177f192d4456269d108afa93ff8743f4f64"
  integrity sha512-KXXFFdAbFXY4geFIwoyNK+f5Z1b7swfXABfL7HXCmoIWMKU3dmS26672A4EeQtDzLKy7SXmfBu51JolvEKwtGA==

uuid@8.3.2:
  version "8.3.2"
  resolved "https://registry.yarnpkg.com/uuid/-/uuid-8.3.2.tgz#80d5b5ced271bb9af6c445f21a1a04c606cefbe2"
  integrity sha512-+NYs2QeMWy+GWFOEm9xnn6HCDp0l7QBD7ml8zLUmJ+93Q5NF0NocErnwkTkXVFNiX3/fpC6afS8Dhb/gz7R7eg==

uuidv4@^6.2.13:
  version "6.2.13"
  resolved "https://registry.yarnpkg.com/uuidv4/-/uuidv4-6.2.13.tgz#8f95ec5ef22d1f92c8e5d4c70b735d1c89572cb7"
  integrity sha512-AXyzMjazYB3ovL3q051VLH06Ixj//Knx7QnUSi1T//Ie3io6CpsPu9nVMOx5MoLWh6xV0B9J0hIaxungxXUbPQ==
  dependencies:
    "@types/uuid" "8.3.4"
    uuid "8.3.2"

ws@^8.18.1:
  version "8.18.1"
  resolved "https://registry.yarnpkg.com/ws/-/ws-8.18.1.tgz#ea131d3784e1dfdff91adb0a4a116b127515e3cb"
  integrity sha512-RKW2aJZMXeMxVpnZ6bck+RswznaxmzdULiBr6KY7XkTnW8uvt0iT9H5DkHUChXrc+uurzwa0rVI16n/Xzjdz1w==
